// !$*UTF8*$!
{
	archiveVersion = 1;
	classes = {
	};
	objectVersion = 56;
	objects = {

/* Begin PBXBuildFile section */
		B2E6D8362BD183D900DCB809 /* AppDelegate.swift in Sources */ = {isa = PBXBuildFile; fileRef = B2E6D8352BD183D900DCB809 /* AppDelegate.swift */; };
		B2E6D8382BD183D900DCB809 /* SceneDelegate.swift in Sources */ = {isa = PBXBuildFile; fileRef = B2E6D8372BD183D900DCB809 /* SceneDelegate.swift */; };
		B2E6D83A2BD183D900DCB809 /* ViewController.swift in Sources */ = {isa = PBXBuildFile; fileRef = B2E6D8392BD183D900DCB809 /* ViewController.swift */; };
		B2E6D83D2BD183D900DCB809 /* Base in Resources */ = {isa = PBXBuildFile; fileRef = B2E6D83C2BD183D900DCB809 /* Base */; };
		B2E6D83F2BD183DB00DCB809 /* Assets.xcassets in Resources */ = {isa = PBXBuildFile; fileRef = B2E6D83E2BD183DB00DCB809 /* Assets.xcassets */; };
		B2E6D8422BD183DB00DCB809 /* Base in Resources */ = {isa = PBXBuildFile; fileRef = B2E6D8412BD183DB00DCB809 /* Base */; };
		B2E6D84D2BD183DB00DCB809 /* CounterTests.swift in Sources */ = {isa = PBXBuildFile; fileRef = B2E6D84C2BD183DB00DCB809 /* CounterTests.swift */; };
		B2E6D8572BD183DC00DCB809 /* CounterUITests.swift in Sources */ = {isa = PBXBuildFile; fileRef = B2E6D8562BD183DC00DCB809 /* CounterUITests.swift */; };
		B2E6D8592BD183DC00DCB809 /* CounterUITestsLaunchTests.swift in Sources */ = {isa = PBXBuildFile; fileRef = B2E6D8582BD183DC00DCB809 /* CounterUITestsLaunchTests.swift */; };
/* End PBXBuildFile section */

/* Begin PBXContainerItemProxy section */
		B2E6D8492BD183DB00DCB809 /* PBXContainerItemProxy */ = {
			isa = PBXContainerItemProxy;
			containerPortal = B2E6D82A2BD183D900DCB809 /* Project object */;
			proxyType = 1;
			remoteGlobalIDString = B2E6D8312BD183D900DCB809;
			remoteInfo = Counter;
		};
		B2E6D8532BD183DC00DCB809 /* PBXContainerItemProxy */ = {
			isa = PBXContainerItemProxy;
			containerPortal = B2E6D82A2BD183D900DCB809 /* Project object */;
			proxyType = 1;
			remoteGlobalIDString = B2E6D8312BD183D900DCB809;
			remoteInfo = Counter;
		};
/* End PBXContainerItemProxy section */

/* Begin PBXFileReference section */
		B2E6D8322BD183D900DCB809 /* Counter.app */ = {isa = PBXFileReference; explicitFileType = wrapper.application; includeInIndex = 0; path = Counter.app; sourceTree = BUILT_PRODUCTS_DIR; };
		B2E6D8352BD183D900DCB809 /* AppDelegate.swift */ = {isa = PBXFileReference; lastKnownFileType = sourcecode.swift; path = AppDelegate.swift; sourceTree = "<group>"; };
		B2E6D8372BD183D900DCB809 /* SceneDelegate.swift */ = {isa = PBXFileReference; lastKnownFileType = sourcecode.swift; path = SceneDelegate.swift; sourceTree = "<group>"; };
		B2E6D8392BD183D900DCB809 /* ViewController.swift */ = {isa = PBXFileReference; lastKnownFileType = sourcecode.swift; path = ViewController.swift; sourceTree = "<group>"; };
		B2E6D83C2BD183D900DCB809 /* Base */ = {isa = PBXFileReference; lastKnownFileType = file.storyboard; name = Base; path = Base.lproj/Main.storyboard; sourceTree = "<group>"; };
		B2E6D83E2BD183DB00DCB809 /* Assets.xcassets */ = {isa = PBXFileReference; lastKnownFileType = folder.assetcatalog; path = Assets.xcassets; sourceTree = "<group>"; };
		B2E6D8412BD183DB00DCB809 /* Base */ = {isa = PBXFileReference; lastKnownFileType = file.storyboard; name = Base; path = Base.lproj/LaunchScreen.storyboard; sourceTree = "<group>"; };
		B2E6D8432BD183DB00DCB809 /* Info.plist */ = {isa = PBXFileReference; lastKnownFileType = text.plist.xml; path = Info.plist; sourceTree = "<group>"; };
		B2E6D8482BD183DB00DCB809 /* CounterTests.xctest */ = {isa = PBXFileReference; explicitFileType = wrapper.cfbundle; includeInIndex = 0; path = CounterTests.xctest; sourceTree = BUILT_PRODUCTS_DIR; };
		B2E6D84C2BD183DB00DCB809 /* CounterTests.swift */ = {isa = PBXFileReference; lastKnownFileType = sourcecode.swift; path = CounterTests.swift; sourceTree = "<group>"; };
		B2E6D8522BD183DC00DCB809 /* CounterUITests.xctest */ = {isa = PBXFileReference; explicitFileType = wrapper.cfbundle; includeInIndex = 0; path = CounterUITests.xctest; sourceTree = BUILT_PRODUCTS_DIR; };
		B2E6D8562BD183DC00DCB809 /* CounterUITests.swift */ = {isa = PBXFileReference; lastKnownFileType = sourcecode.swift; path = CounterUITests.swift; sourceTree = "<group>"; };
		B2E6D8582BD183DC00DCB809 /* CounterUITestsLaunchTests.swift */ = {isa = PBXFileReference; lastKnownFileType = sourcecode.swift; path = CounterUITestsLaunchTests.swift; sourceTree = "<group>"; };
/* End PBXFileReference section */

/* Begin PBXFrameworksBuildPhase section */
		B2E6D82F2BD183D900DCB809 /* Frameworks */ = {
			isa = PBXFrameworksBuildPhase;
			buildActionMask = 2147483647;
			files = (
			);
			runOnlyForDeploymentPostprocessing = 0;
		};
		B2E6D8452BD183DB00DCB809 /* Frameworks */ = {
			isa = PBXFrameworksBuildPhase;
			buildActionMask = 2147483647;
			files = (
			);
			runOnlyForDeploymentPostprocessing = 0;
		};
		B2E6D84F2BD183DC00DCB809 /* Frameworks */ = {
			isa = PBXFrameworksBuildPhase;
			buildActionMask = 2147483647;
			files = (
			);
			runOnlyForDeploymentPostprocessing = 0;
		};
/* End PBXFrameworksBuildPhase section */

/* Begin PBXGroup section */
		B2E6D8292BD183D900DCB809 = {
			isa = PBXGroup;
			children = (
				B2E6D8342BD183D900DCB809 /* Counter */,
				B2E6D84B2BD183DB00DCB809 /* CounterTests */,
				B2E6D8552BD183DC00DCB809 /* CounterUITests */,
				B2E6D8332BD183D900DCB809 /* Products */,
			);
			sourceTree = "<group>";
		};
		B2E6D8332BD183D900DCB809 /* Products */ = {
			isa = PBXGroup;
			children = (
				B2E6D8322BD183D900DCB809 /* Counter.app */,
				B2E6D8482BD183DB00DCB809 /* CounterTests.xctest */,
				B2E6D8522BD183DC00DCB809 /* CounterUITests.xctest */,
			);
			name = Products;
			sourceTree = "<group>";
		};
		B2E6D8342BD183D900DCB809 /* Counter */ = {
			isa = PBXGroup;
			children = (
				B2E6D8352BD183D900DCB809 /* AppDelegate.swift */,
				B2E6D8372BD183D900DCB809 /* SceneDelegate.swift */,
				B2E6D8392BD183D900DCB809 /* ViewController.swift */,
				B2E6D83B2BD183D900DCB809 /* Main.storyboard */,
				B2E6D83E2BD183DB00DCB809 /* Assets.xcassets */,
				B2E6D8402BD183DB00DCB809 /* LaunchScreen.storyboard */,
				B2E6D8432BD183DB00DCB809 /* Info.plist */,
			);
			path = Counter;
			sourceTree = "<group>";
		};
		B2E6D84B2BD183DB00DCB809 /* CounterTests */ = {
			isa = PBXGroup;
			children = (
				B2E6D84C2BD183DB00DCB809 /* CounterTests.swift */,
			);
			path = CounterTests;
			sourceTree = "<group>";
		};
		B2E6D8552BD183DC00DCB809 /* CounterUITests */ = {
			isa = PBXGroup;
			children = (
				B2E6D8562BD183DC00DCB809 /* CounterUITests.swift */,
				B2E6D8582BD183DC00DCB809 /* CounterUITestsLaunchTests.swift */,
			);
			path = CounterUITests;
			sourceTree = "<group>";
		};
/* End PBXGroup section */

/* Begin PBXNativeTarget section */
		B2E6D8312BD183D900DCB809 /* Counter */ = {
			isa = PBXNativeTarget;
			buildConfigurationList = B2E6D85C2BD183DC00DCB809 /* Build configuration list for PBXNativeTarget "Counter" */;
			buildPhases = (
				B2E6D82E2BD183D900DCB809 /* Sources */,
				B2E6D82F2BD183D900DCB809 /* Frameworks */,
				B2E6D8302BD183D900DCB809 /* Resources */,
			);
			buildRules = (
			);
			dependencies = (
			);
			name = Counter;
			productName = Counter;
			productReference = B2E6D8322BD183D900DCB809 /* Counter.app */;
			productType = "com.apple.product-type.application";
		};
		B2E6D8472BD183DB00DCB809 /* CounterTests */ = {
			isa = PBXNativeTarget;
			buildConfigurationList = B2E6D85F2BD183DC00DCB809 /* Build configuration list for PBXNativeTarget "CounterTests" */;
			buildPhases = (
				B2E6D8442BD183DB00DCB809 /* Sources */,
				B2E6D8452BD183DB00DCB809 /* Frameworks */,
				B2E6D8462BD183DB00DCB809 /* Resources */,
			);
			buildRules = (
			);
			dependencies = (
				B2E6D84A2BD183DB00DCB809 /* PBXTargetDependency */,
			);
			name = CounterTests;
			productName = CounterTests;
			productReference = B2E6D8482BD183DB00DCB809 /* CounterTests.xctest */;
			productType = "com.apple.product-type.bundle.unit-test";
		};
		B2E6D8512BD183DC00DCB809 /* CounterUITests */ = {
			isa = PBXNativeTarget;
			buildConfigurationList = B2E6D8622BD183DC00DCB809 /* Build configuration list for PBXNativeTarget "CounterUITests" */;
			buildPhases = (
				B2E6D84E2BD183DC00DCB809 /* Sources */,
				B2E6D84F2BD183DC00DCB809 /* Frameworks */,
				B2E6D8502BD183DC00DCB809 /* Resources */,
			);
			buildRules = (
			);
			dependencies = (
				B2E6D8542BD183DC00DCB809 /* PBXTargetDependency */,
			);
			name = CounterUITests;
			productName = CounterUITests;
			productReference = B2E6D8522BD183DC00DCB809 /* CounterUITests.xctest */;
			productType = "com.apple.product-type.bundle.ui-testing";
		};
/* End PBXNativeTarget section */

/* Begin PBXProject section */
		B2E6D82A2BD183D900DCB809 /* Project object */ = {
			isa = PBXProject;
			attributes = {
				BuildIndependentTargetsInParallel = 1;
				LastSwiftUpdateCheck = 1530;
				LastUpgradeCheck = 1530;
				TargetAttributes = {
					B2E6D8312BD183D900DCB809 = {
						CreatedOnToolsVersion = 15.3;
					};
					B2E6D8472BD183DB00DCB809 = {
						CreatedOnToolsVersion = 15.3;
						TestTargetID = B2E6D8312BD183D900DCB809;
					};
					B2E6D8512BD183DC00DCB809 = {
						CreatedOnToolsVersion = 15.3;
						TestTargetID = B2E6D8312BD183D900DCB809;
					};
				};
			};
			buildConfigurationList = B2E6D82D2BD183D900DCB809 /* Build configuration list for PBXProject "Counter" */;
			compatibilityVersion = "Xcode 14.0";
			developmentRegion = en;
			hasScannedForEncodings = 0;
			knownRegions = (
				en,
				Base,
			);
			mainGroup = B2E6D8292BD183D900DCB809;
			productRefGroup = B2E6D8332BD183D900DCB809 /* Products */;
			projectDirPath = "";
			projectRoot = "";
			targets = (
				B2E6D8312BD183D900DCB809 /* Counter */,
				B2E6D8472BD183DB00DCB809 /* CounterTests */,
				B2E6D8512BD183DC00DCB809 /* CounterUITests */,
			);
		};
/* End PBXProject section */

/* Begin PBXResourcesBuildPhase section */
		B2E6D8302BD183D900DCB809 /* Resources */ = {
			isa = PBXResourcesBuildPhase;
			buildActionMask = 2147483647;
			files = (
				B2E6D83F2BD183DB00DCB809 /* Assets.xcassets in Resources */,
				B2E6D8422BD183DB00DCB809 /* Base in Resources */,
				B2E6D83D2BD183D900DCB809 /* Base in Resources */,
			);
			runOnlyForDeploymentPostprocessing = 0;
		};
		B2E6D8462BD183DB00DCB809 /* Resources */ = {
			isa = PBXResourcesBuildPhase;
			buildActionMask = 2147483647;
			files = (
			);
			runOnlyForDeploymentPostprocessing = 0;
		};
		B2E6D8502BD183DC00DCB809 /* Resources */ = {
			isa = PBXResourcesBuildPhase;
			buildActionMask = 2147483647;
			files = (
			);
			runOnlyForDeploymentPostprocessing = 0;
		};
/* End PBXResourcesBuildPhase section */

/* Begin PBXSourcesBuildPhase section */
		B2E6D82E2BD183D900DCB809 /* Sources */ = {
			isa = PBXSourcesBuildPhase;
			buildActionMask = 2147483647;
			files = (
				B2E6D83A2BD183D900DCB809 /* ViewController.swift in Sources */,
				B2E6D8362BD183D900DCB809 /* AppDelegate.swift in Sources */,
				B2E6D8382BD183D900DCB809 /* SceneDelegate.swift in Sources */,
			);
			runOnlyForDeploymentPostprocessing = 0;
		};
		B2E6D8442BD183DB00DCB809 /* Sources */ = {
			isa = PBXSourcesBuildPhase;
			buildActionMask = 2147483647;
			files = (
				B2E6D84D2BD183DB00DCB809 /* CounterTests.swift in Sources */,
			);
			runOnlyForDeploymentPostprocessing = 0;
		};
		B2E6D84E2BD183DC00DCB809 /* Sources */ = {
			isa = PBXSourcesBuildPhase;
			buildActionMask = 2147483647;
			files = (
				B2E6D8572BD183DC00DCB809 /* CounterUITests.swift in Sources */,
				B2E6D8592BD183DC00DCB809 /* CounterUITestsLaunchTests.swift in Sources */,
			);
			runOnlyForDeploymentPostprocessing = 0;
		};
/* End PBXSourcesBuildPhase section */

/* Begin PBXTargetDependency section */
		B2E6D84A2BD183DB00DCB809 /* PBXTargetDependency */ = {
			isa = PBXTargetDependency;
			target = B2E6D8312BD183D900DCB809 /* Counter */;
			targetProxy = B2E6D8492BD183DB00DCB809 /* PBXContainerItemProxy */;
		};
		B2E6D8542BD183DC00DCB809 /* PBXTargetDependency */ = {
			isa = PBXTargetDependency;
			target = B2E6D8312BD183D900DCB809 /* Counter */;
			targetProxy = B2E6D8532BD183DC00DCB809 /* PBXContainerItemProxy */;
		};
/* End PBXTargetDependency section */

/* Begin PBXVariantGroup section */
		B2E6D83B2BD183D900DCB809 /* Main.storyboard */ = {
			isa = PBXVariantGroup;
			children = (
				B2E6D83C2BD183D900DCB809 /* Base */,
			);
			name = Main.storyboard;
			sourceTree = "<group>";
		};
		B2E6D8402BD183DB00DCB809 /* LaunchScreen.storyboard */ = {
			isa = PBXVariantGroup;
			children = (
				B2E6D8412BD183DB00DCB809 /* Base */,
			);
			name = LaunchScreen.storyboard;
			sourceTree = "<group>";
		};
/* End PBXVariantGroup section */

/* Begin XCBuildConfiguration section */
		B2E6D85A2BD183DC00DCB809 /* Debug */ = {
			isa = XCBuildConfiguration;
			buildSettings = {
				ALWAYS_SEARCH_USER_PATHS = NO;
				ASSETCATALOG_COMPILER_GENERATE_SWIFT_ASSET_SYMBOL_EXTENSIONS = YES;
				CLANG_ANALYZER_NONNULL = YES;
				CLANG_ANALYZER_NUMBER_OBJECT_CONVERSION = YES_AGGRESSIVE;
				CLANG_CXX_LANGUAGE_STANDARD = "gnu++20";
				CLANG_ENABLE_MODULES = YES;
				CLANG_ENABLE_OBJC_ARC = YES;
				CLANG_ENABLE_OBJC_WEAK = YES;
				CLANG_WARN_BLOCK_CAPTURE_AUTORELEASING = YES;
				CLANG_WARN_BOOL_CONVERSION = YES;
				CLANG_WARN_COMMA = YES;
				CLANG_WARN_CONSTANT_CONVERSION = YES;
				CLANG_WARN_DEPRECATED_OBJC_IMPLEMENTATIONS = YES;
				CLANG_WARN_DIRECT_OBJC_ISA_USAGE = YES_ERROR;
				CLANG_WARN_DOCUMENTATION_COMMENTS = YES;
				CLANG_WARN_EMPTY_BODY = YES;
				CLANG_WARN_ENUM_CONVERSION = YES;
				CLANG_WARN_INFINITE_RECURSION = YES;
				CLANG_WARN_INT_CONVERSION = YES;
				CLANG_WARN_NON_LITERAL_NULL_CONVERSION = YES;
				CLANG_WARN_OBJC_IMPLICIT_RETAIN_SELF = YES;
				CLANG_WARN_OBJC_LITERAL_CONVERSION = YES;
				CLANG_WARN_OBJC_ROOT_CLASS = YES_ERROR;
				CLANG_WARN_QUOTED_INCLUDE_IN_FRAMEWORK_HEADER = YES;
				CLANG_WARN_RANGE_LOOP_ANALYSIS = YES;
				CLANG_WARN_STRICT_PROTOTYPES = YES;
				CLANG_WARN_SUSPICIOUS_MOVE = YES;
				CLANG_WARN_UNGUARDED_AVAILABILITY = YES_AGGRESSIVE;
				CLANG_WARN_UNREACHABLE_CODE = YES;
				CLANG_WARN__DUPLICATE_METHOD_MATCH = YES;
				COPY_PHASE_STRIP = NO;
				DEBUG_INFORMATION_FORMAT = dwarf;
				ENABLE_STRICT_OBJC_MSGSEND = YES;
				ENABLE_TESTABILITY = YES;
				ENABLE_USER_SCRIPT_SANDBOXING = YES;
				GCC_C_LANGUAGE_STANDARD = gnu17;
				GCC_DYNAMIC_NO_PIC = NO;
				GCC_NO_COMMON_BLOCKS = YES;
				GCC_OPTIMIZATION_LEVEL = 0;
				GCC_PREPROCESSOR_DEFINITIONS = (
					"DEBUG=1",
					"$(inherited)",
				);
				GCC_WARN_64_TO_32_BIT_CONVERSION = YES;
				GCC_WARN_ABOUT_RETURN_TYPE = YES_ERROR;
				GCC_WARN_UNDECLARED_SELECTOR = YES;
				GCC_WARN_UNINITIALIZED_AUTOS = YES_AGGRESSIVE;
				GCC_WARN_UNUSED_FUNCTION = YES;
				GCC_WARN_UNUSED_VARIABLE = YES;
				IPHONEOS_DEPLOYMENT_TARGET = 17.4;
				LOCALIZATION_PREFERS_STRING_CATALOGS = YES;
				MTL_ENABLE_DEBUG_INFO = INCLUDE_SOURCE;
				MTL_FAST_MATH = YES;
				ONLY_ACTIVE_ARCH = YES;
				SDKROOT = iphoneos;
				SWIFT_ACTIVE_COMPILATION_CONDITIONS = "DEBUG $(inherited)";
				SWIFT_OPTIMIZATION_LEVEL = "-Onone";
			};
			name = Debug;
		};
		B2E6D85B2BD183DC00DCB809 /* Release */ = {
			isa = XCBuildConfiguration;
			buildSettings = {
				ALWAYS_SEARCH_USER_PATHS = NO;
				ASSETCATALOG_COMPILER_GENERATE_SWIFT_ASSET_SYMBOL_EXTENSIONS = YES;
				CLANG_ANALYZER_NONNULL = YES;
				CLANG_ANALYZER_NUMBER_OBJECT_CONVERSION = YES_AGGRESSIVE;
				CLANG_CXX_LANGUAGE_STANDARD = "gnu++20";
				CLANG_ENABLE_MODULES = YES;
				CLANG_ENABLE_OBJC_ARC = YES;
				CLANG_ENABLE_OBJC_WEAK = YES;
				CLANG_WARN_BLOCK_CAPTURE_AUTORELEASING = YES;
				CLANG_WARN_BOOL_CONVERSION = YES;
				CLANG_WARN_COMMA = YES;
				CLANG_WARN_CONSTANT_CONVERSION = YES;
				CLANG_WARN_DEPRECATED_OBJC_IMPLEMENTATIONS = YES;
				CLANG_WARN_DIRECT_OBJC_ISA_USAGE = YES_ERROR;
				CLANG_WARN_DOCUMENTATION_COMMENTS = YES;
				CLANG_WARN_EMPTY_BODY = YES;
				CLANG_WARN_ENUM_CONVERSION = YES;
				CLANG_WARN_INFINITE_RECURSION = YES;
				CLANG_WARN_INT_CONVERSION = YES;
				CLANG_WARN_NON_LITERAL_NULL_CONVERSION = YES;
				CLANG_WARN_OBJC_IMPLICIT_RETAIN_SELF = YES;
				CLANG_WARN_OBJC_LITERAL_CONVERSION = YES;
				CLANG_WARN_OBJC_ROOT_CLASS = YES_ERROR;
				CLANG_WARN_QUOTED_INCLUDE_IN_FRAMEWORK_HEADER = YES;
				CLANG_WARN_RANGE_LOOP_ANALYSIS = YES;
				CLANG_WARN_STRICT_PROTOTYPES = YES;
				CLANG_WARN_SUSPICIOUS_MOVE = YES;
				CLANG_WARN_UNGUARDED_AVAILABILITY = YES_AGGRESSIVE;
				CLANG_WARN_UNREACHABLE_CODE = YES;
				CLANG_WARN__DUPLICATE_METHOD_MATCH = YES;
				COPY_PHASE_STRIP = NO;
				DEBUG_INFORMATION_FORMAT = "dwarf-with-dsym";
				ENABLE_NS_ASSERTIONS = NO;
				ENABLE_STRICT_OBJC_MSGSEND = YES;
				ENABLE_USER_SCRIPT_SANDBOXING = YES;
				GCC_C_LANGUAGE_STANDARD = gnu17;
				GCC_NO_COMMON_BLOCKS = YES;
				GCC_WARN_64_TO_32_BIT_CONVERSION = YES;
				GCC_WARN_ABOUT_RETURN_TYPE = YES_ERROR;
				GCC_WARN_UNDECLARED_SELECTOR = YES;
				GCC_WARN_UNINITIALIZED_AUTOS = YES_AGGRESSIVE;
				GCC_WARN_UNUSED_FUNCTION = YES;
				GCC_WARN_UNUSED_VARIABLE = YES;
				IPHONEOS_DEPLOYMENT_TARGET = 17.4;
				LOCALIZATION_PREFERS_STRING_CATALOGS = YES;
				MTL_ENABLE_DEBUG_INFO = NO;
				MTL_FAST_MATH = YES;
				SDKROOT = iphoneos;
				SWIFT_COMPILATION_MODE = wholemodule;
				VALIDATE_PRODUCT = YES;
			};
			name = Release;
		};
		B2E6D85D2BD183DC00DCB809 /* Debug */ = {
			isa = XCBuildConfiguration;
			buildSettings = {
				ASSETCATALOG_COMPILER_APPICON_NAME = AppIcon;
				ASSETCATALOG_COMPILER_GLOBAL_ACCENT_COLOR_NAME = AccentColor;
				CODE_SIGN_STYLE = Automatic;
				CURRENT_PROJECT_VERSION = 1;
				DEVELOPMENT_TEAM = 82A8MQW77C;
				GENERATE_INFOPLIST_FILE = YES;
				INFOPLIST_FILE = Counter/Info.plist;
				INFOPLIST_KEY_UIApplicationSupportsIndirectInputEvents = YES;
				INFOPLIST_KEY_UILaunchStoryboardName = LaunchScreen;
				INFOPLIST_KEY_UIMainStoryboardFile = Main;
				INFOPLIST_KEY_UISupportedInterfaceOrientations_iPad = "UIInterfaceOrientationPortrait UIInterfaceOrientationPortraitUpsideDown UIInterfaceOrientationLandscapeLeft UIInterfaceOrientationLandscapeRight";
				INFOPLIST_KEY_UISupportedInterfaceOrientations_iPhone = "UIInterfaceOrientationPortrait UIInterfaceOrientationLandscapeLeft UIInterfaceOrientationLandscapeRight";
				LD_RUNPATH_SEARCH_PATHS = (
					"$(inherited)",
					"@executable_path/Frameworks",
				);
				MARKETING_VERSION = 1.0;
				PRODUCT_BUNDLE_IDENTIFIER = test.Counter;
				PRODUCT_NAME = "$(TARGET_NAME)";
				SWIFT_EMIT_LOC_STRINGS = YES;
				SWIFT_VERSION = 5.0;
				TARGETED_DEVICE_FAMILY = "1,2";
			};
			name = Debug;
		};
		B2E6D85E2BD183DC00DCB809 /* Release */ = {
			isa = XCBuildConfiguration;
			buildSettings = {
				ASSETCATALOG_COMPILER_APPICON_NAME = AppIcon;
				ASSETCATALOG_COMPILER_GLOBAL_ACCENT_COLOR_NAME = AccentColor;
				CODE_SIGN_STYLE = Automatic;
				CURRENT_PROJECT_VERSION = 1;
				DEVELOPMENT_TEAM = 82A8MQW77C;
				GENERATE_INFOPLIST_FILE = YES;
				INFOPLIST_FILE = Counter/Info.plist;
				INFOPLIST_KEY_UIApplicationSupportsIndirectInputEvents = YES;
				INFOPLIST_KEY_UILaunchStoryboardName = LaunchScreen;
				INFOPLIST_KEY_UIMainStoryboardFile = Main;
				INFOPLIST_KEY_UISupportedInterfaceOrientations_iPad = "UIInterfaceOrientationPortrait UIInterfaceOrientationPortraitUpsideDown UIInterfaceOrientationLandscapeLeft UIInterfaceOrientationLandscapeRight";
				INFOPLIST_KEY_UISupportedInterfaceOrientations_iPhone = "UIInterfaceOrientationPortrait UIInterfaceOrientationLandscapeLeft UIInterfaceOrientationLandscapeRight";
				LD_RUNPATH_SEARCH_PATHS = (
					"$(inherited)",
					"@executable_path/Frameworks",
				);
				MARKETING_VERSION = 1.0;
				PRODUCT_BUNDLE_IDENTIFIER = test.Counter;
				PRODUCT_NAME = "$(TARGET_NAME)";
				SWIFT_EMIT_LOC_STRINGS = YES;
				SWIFT_VERSION = 5.0;
				TARGETED_DEVICE_FAMILY = "1,2";
			};
			name = Release;
		};
		B2E6D8602BD183DC00DCB809 /* Debug */ = {
			isa = XCBuildConfiguration;
			buildSettings = {
				ALWAYS_EMBED_SWIFT_STANDARD_LIBRARIES = YES;
				BUNDLE_LOADER = "$(TEST_HOST)";
				CODE_SIGN_STYLE = Automatic;
				CURRENT_PROJECT_VERSION = 1;
				DEVELOPMENT_TEAM = 82A8MQW77C;
				GENERATE_INFOPLIST_FILE = YES;
				IPHONEOS_DEPLOYMENT_TARGET = 17.4;
				MARKETING_VERSION = 1.0;
				PRODUCT_BUNDLE_IDENTIFIER = test.CounterTests;
				PRODUCT_NAME = "$(TARGET_NAME)";
				SWIFT_EMIT_LOC_STRINGS = NO;
				SWIFT_VERSION = 5.0;
				TARGETED_DEVICE_FAMILY = "1,2";
				TEST_HOST = "$(BUILT_PRODUCTS_DIR)/Counter.app/$(BUNDLE_EXECUTABLE_FOLDER_PATH)/Counter";
			};
			name = Debug;
		};
		B2E6D8612BD183DC00DCB809 /* Release */ = {
			isa = XCBuildConfiguration;
			buildSettings = {
				ALWAYS_EMBED_SWIFT_STANDARD_LIBRARIES = YES;
				BUNDLE_LOADER = "$(TEST_HOST)";
				CODE_SIGN_STYLE = Automatic;
				CURRENT_PROJECT_VERSION = 1;
				DEVELOPMENT_TEAM = 82A8MQW77C;
				GENERATE_INFOPLIST_FILE = YES;
				IPHONEOS_DEPLOYMENT_TARGET = 17.4;
				MARKETING_VERSION = 1.0;
				PRODUCT_BUNDLE_IDENTIFIER = test.CounterTests;
				PRODUCT_NAME = "$(TARGET_NAME)";
				SWIFT_EMIT_LOC_STRINGS = NO;
				SWIFT_VERSION = 5.0;
				TARGETED_DEVICE_FAMILY = "1,2";
				TEST_HOST = "$(BUILT_PRODUCTS_DIR)/Counter.app/$(BUNDLE_EXECUTABLE_FOLDER_PATH)/Counter";
			};
			name = Release;
		};
		B2E6D8632BD183DC00DCB809 /* Debug */ = {
			isa = XCBuildConfiguration;
			buildSettings = {
				ALWAYS_EMBED_SWIFT_STANDARD_LIBRARIES = YES;
				CODE_SIGN_STYLE = Automatic;
				CURRENT_PROJECT_VERSION = 1;
				DEVELOPMENT_TEAM = 82A8MQW77C;
				GENERATE_INFOPLIST_FILE = YES;
				MARKETING_VERSION = 1.0;
				PRODUCT_BUNDLE_IDENTIFIER = test.CounterUITests;
				PRODUCT_NAME = "$(TARGET_NAME)";
				SWIFT_EMIT_LOC_STRINGS = NO;
				SWIFT_VERSION = 5.0;
				TARGETED_DEVICE_FAMILY = "1,2";
				TEST_TARGET_NAME = Counter;
			};
			name = Debug;
		};
		B2E6D8642BD183DC00DCB809 /* Release */ = {
			isa = XCBuildConfiguration;
			buildSettings = {
				ALWAYS_EMBED_SWIFT_STANDARD_LIBRARIES = YES;
				CODE_SIGN_STYLE = Automatic;
				CURRENT_PROJECT_VERSION = 1;
				DEVELOPMENT_TEAM = 82A8MQW77C;
				GENERATE_INFOPLIST_FILE = YES;
				MARKETING_VERSION = 1.0;
				PRODUCT_BUNDLE_IDENTIFIER = test.CounterUITests;
				PRODUCT_NAME = "$(TARGET_NAME)";
				SWIFT_EMIT_LOC_STRINGS = NO;
				SWIFT_VERSION = 5.0;
				TARGETED_DEVICE_FAMILY = "1,2";
				TEST_TARGET_NAME = Counter;
			};
			name = Release;
		};
/* End XCBuildConfiguration section */

/* Begin XCConfigurationList section */
		B2E6D82D2BD183D900DCB809 /* Build configuration list for PBXProject "Counter" */ = {
			isa = XCConfigurationList;
			buildConfigurations = (
				B2E6D85A2BD183DC00DCB809 /* Debug */,
				B2E6D85B2BD183DC00DCB809 /* Release */,
			);
			defaultConfigurationIsVisible = 0;
			defaultConfigurationName = Release;
		};
		B2E6D85C2BD183DC00DCB809 /* Build configuration list for PBXNativeTarget "Counter" */ = {
			isa = XCConfigurationList;
			buildConfigurations = (
				B2E6D85D2BD183DC00DCB809 /* Debug */,
				B2E6D85E2BD183DC00DCB809 /* Release */,
			);
			defaultConfigurationIsVisible = 0;
			defaultConfigurationName = Release;
		};
		B2E6D85F2BD183DC00DCB809 /* Build configuration list for PBXNativeTarget "CounterTests" */ = {
			isa = XCConfigurationList;
			buildConfigurations = (
				B2E6D8602BD183DC00DCB809 /* Debug */,
				B2E6D8612BD183DC00DCB809 /* Release */,
			);
			defaultConfigurationIsVisible = 0;
			defaultConfigurationName = Release;
		};
		B2E6D8622BD183DC00DCB809 /* Build configuration list for PBXNativeTarget "CounterUITests" */ = {
			isa = XCConfigurationList;
			buildConfigurations = (
				B2E6D8632BD183DC00DCB809 /* Debug */,
				B2E6D8642BD183DC00DCB809 /* Release */,
			);
			defaultConfigurationIsVisible = 0;
			defaultConfigurationName = Release;
		};
/* End XCConfigurationList section */
	};
	rootObject = B2E6D82A2BD183D900DCB809 /* Project object */;
}
